
Microsoft Visual Studio Solution File, Format Version 12.00
# Visual Studio 15
Project("{FAE04EC0-301F-11D3-BF4B-00C04F79EFBC}") = "Segments.Android", "Segments.Android\Segments.Android.csproj", "{DC01DF97-7245-4CA3-BF6D-CFEA92B6812B}"
EndProject
Project("{FAE04EC0-301F-11D3-BF4B-00C04F79EFBC}") = "Segments.iOS", "Segments.iOS\Segments.iOS.csproj", "{EDED2126-9D6F-493D-83A9-44A91A62283B}"
EndProject
Project("{FAE04EC0-301F-11D3-BF4B-00C04F79EFBC}") = "Segments", "Segments\Segments.csproj", "{731E26EC-64C2-4FB1-9C64-34E768B3AFE0}"
EndProject
Global
	GlobalSection(SolutionConfigurationPlatforms) = preSolution
		Debug|Any CPU = Debug|Any CPU
		Release|Any CPU = Release|Any CPU
		Debug|iPhoneSimulator = Debug|iPhoneSimulator
		Release|iPhoneSimulator = Release|iPhoneSimulator
		Debug|iPhone = Debug|iPhone
		Release|iPhone = Release|iPhone
	EndGlobalSection
	GlobalSection(ProjectConfigurationPlatforms) = postSolution
		{DC01DF97-7245-4CA3-BF6D-CFEA92B6812B}.Debug|Any CPU.ActiveCfg = Debug|Any CPU
		{DC01DF97-7245-4CA3-BF6D-CFEA92B6812B}.Debug|Any CPU.Build.0 = Debug|Any CPU
		{DC01DF97-7245-4CA3-BF6D-CFEA92B6812B}.Release|Any CPU.ActiveCfg = Release|Any CPU
		{DC01DF97-7245-4CA3-BF6D-CFEA92B6812B}.Release|Any CPU.Build.0 = Release|Any CPU
		{DC01DF97-7245-4CA3-BF6D-CFEA92B6812B}.Debug|iPhoneSimulator.ActiveCfg = Debug|Any CPU
		{DC01DF97-7245-4CA3-BF6D-CFEA92B6812B}.Debug|iPhoneSimulator.Build.0 = Debug|Any CPU
		{DC01DF97-7245-4CA3-BF6D-CFEA92B6812B}.Release|iPhoneSimulator.ActiveCfg = Release|Any CPU
		{DC01DF97-7245-4CA3-BF6D-CFEA92B6812B}.Release|iPhoneSimulator.Build.0 = Release|Any CPU
		{DC01DF97-7245-4CA3-BF6D-CFEA92B6812B}.Debug|iPhone.ActiveCfg = Debug|Any CPU
		{DC01DF97-7245-4CA3-BF6D-CFEA92B6812B}.Debug|iPhone.Build.0 = Debug|Any CPU
		{DC01DF97-7245-4CA3-BF6D-CFEA92B6812B}.Release|iPhone.ActiveCfg = Release|Any CPU
		{DC01DF97-7245-4CA3-BF6D-CFEA92B6812B}.Release|iPhone.Build.0 = Release|Any CPU
		{EDED2126-9D6F-493D-83A9-44A91A62283B}.Debug|Any CPU.ActiveCfg = Debug|iPhoneSimulator
		{EDED2126-9D6F-493D-83A9-44A91A62283B}.Debug|Any CPU.Build.0 = Debug|iPhoneSimulator
		{EDED2126-9D6F-493D-83A9-44A91A62283B}.Release|Any CPU.ActiveCfg = Release|iPhoneSimulator
		{EDED2126-9D6F-493D-83A9-44A91A62283B}.Release|Any CPU.Build.0 = Release|iPhoneSimulator
		{EDED2126-9D6F-493D-83A9-44A91A62283B}.Debug|iPhoneSimulator.ActiveCfg = Debug|iPhoneSimulator
		{EDED2126-9D6F-493D-83A9-44A91A62283B}.Debug|iPhoneSimulator.Build.0 = Debug|iPhoneSimulator
		{EDED2126-9D6F-493D-83A9-44A91A62283B}.Release|iPhoneSimulator.ActiveCfg = Release|iPhoneSimulator
		{EDED2126-9D6F-493D-83A9-44A91A62283B}.Release|iPhoneSimulator.Build.0 = Release|iPhoneSimulator
		{EDED2126-9D6F-493D-83A9-44A91A62283B}.Debug|iPhone.ActiveCfg = Debug|iPhone
		{EDED2126-9D6F-493D-83A9-44A91A62283B}.Debug|iPhone.Build.0 = Debug|iPhone
		{EDED2126-9D6F-493D-83A9-44A91A62283B}.Release|iPhone.ActiveCfg = Release|iPhone
		{EDED2126-9D6F-493D-83A9-44A91A62283B}.Release|iPhone.Build.0 = Release|iPhone
		{731E26EC-64C2-4FB1-9C64-34E768B3AFE0}.Debug|Any CPU.ActiveCfg = Debug|Any CPU
		{731E26EC-64C2-4FB1-9C64-34E768B3AFE0}.Debug|Any CPU.Build.0 = Debug|Any CPU
		{731E26EC-64C2-4FB1-9C64-34E768B3AFE0}.Release|Any CPU.ActiveCfg = Release|Any CPU
		{731E26EC-64C2-4FB1-9C64-34E768B3AFE0}.Release|Any CPU.Build.0 = Release|Any CPU
		{731E26EC-64C2-4FB1-9C64-34E768B3AFE0}.Debug|iPhoneSimulator.ActiveCfg = Debug|Any CPU
		{731E26EC-64C2-4FB1-9C64-34E768B3AFE0}.Debug|iPhoneSimulator.Build.0 = Debug|Any CPU
		{731E26EC-64C2-4FB1-9C64-34E768B3AFE0}.Release|iPhoneSimulator.ActiveCfg = Release|Any CPU
		{731E26EC-64C2-4FB1-9C64-34E768B3AFE0}.Release|iPhoneSimulator.Build.0 = Release|Any CPU
		{731E26EC-64C2-4FB1-9C64-34E768B3AFE0}.Debug|iPhone.ActiveCfg = Debug|Any CPU
		{731E26EC-64C2-4FB1-9C64-34E768B3AFE0}.Debug|iPhone.Build.0 = Debug|Any CPU
		{731E26EC-64C2-4FB1-9C64-34E768B3AFE0}.Release|iPhone.ActiveCfg = Release|Any CPU
		{731E26EC-64C2-4FB1-9C64-34E768B3AFE0}.Release|iPhone.Build.0 = Release|Any CPU
	EndGlobalSection
EndGlobal
